
Microsoft Visual Studio Solution File, Format Version 12.00
# Visual Studio Version 17
VisualStudioVersion = 17.7.34009.444
MinimumVisualStudioVersion = 10.0.40219.1
Project("{FAE04EC0-301F-11D3-BF4B-00C04F79EFBC}") = "MyMessanger", "MyMessanger.csproj", "{1F143057-EA65-4A91-B71D-0A2FC9AED29C}"
EndProject
Global
	GlobalSection(SolutionConfigurationPlatforms) = preSolution
		Debug|Any CPU = Debug|Any CPU
		Release|Any CPU = Release|Any CPU
	EndGlobalSection
	GlobalSection(ProjectConfigurationPlatforms) = postSolution
		{1F143057-EA65-4A91-B71D-0A2FC9AED29C}.Debug|Any CPU.ActiveCfg = Debug|Any CPU
		{1F143057-EA65-4A91-B71D-0A2FC9AED29C}.Debug|Any CPU.Build.0 = Debug|Any CPU
		{1F143057-EA65-4A91-B71D-0A2FC9AED29C}.Release|Any CPU.ActiveCfg = Release|Any CPU
		{1F143057-EA65-4A91-B71D-0A2FC9AED29C}.Release|Any CPU.Build.0 = Release|Any CPU
	EndGlobalSection
	GlobalSection(SolutionProperties) = preSolution
		HideSolutionNode = FALSE
	EndGlobalSection
	GlobalSection(ExtensibilityGlobals) = postSolution
		SolutionGuid = {09BFEFDC-929A-4656-A487-0178E740F2D8}
	EndGlobalSection
EndGlobal
